
Microsoft Visual Studio Solution File, Format Version 12.00
# Visual Studio 15
VisualStudioVersion = 15.0.28307.779
MinimumVisualStudioVersion = 10.0.40219.1
Project("{FAE04EC0-301F-11D3-BF4B-00C04F79EFBC}") = "CAI_LOGGER", "CAI_LOGGER\CAI_LOGGER.csproj", "{FF87028D-5F05-4B9A-B077-9336ABE225FD}"
EndProject
Global
	GlobalSection(SolutionConfigurationPlatforms) = preSolution
		Debug|Any CPU = Debug|Any CPU
		Release|Any CPU = Release|Any CPU
	EndGlobalSection
	GlobalSection(ProjectConfigurationPlatforms) = postSolution
		{FF87028D-5F05-4B9A-B077-9336ABE225FD}.Debug|Any CPU.ActiveCfg = Debug|Any CPU
		{FF87028D-5F05-4B9A-B077-9336ABE225FD}.Debug|Any CPU.Build.0 = Debug|Any CPU
		{FF87028D-5F05-4B9A-B077-9336ABE225FD}.Release|Any CPU.ActiveCfg = Release|Any CPU
		{FF87028D-5F05-4B9A-B077-9336ABE225FD}.Release|Any CPU.Build.0 = Release|Any CPU
	EndGlobalSection
	GlobalSection(SolutionProperties) = preSolution
		HideSolutionNode = FALSE
	EndGlobalSection
	GlobalSection(ExtensibilityGlobals) = postSolution
		SolutionGuid = {FA076F93-8514-4FAE-A18F-D776D9580426}
	EndGlobalSection
EndGlobal
